// !$*UTF8*$!
{
	archiveVersion = 1;
	classes = {
	};
	objectVersion = 50;
	objects = {

/* Begin PBXBuildFile section */
		79BF66DD25B252FC0098BBB1 /* SwiftUINewsApp.swift in Sources */ = {isa = PBXBuildFile; fileRef = 79BF66DC25B252FC0098BBB1 /* SwiftUINewsApp.swift */; };
		79BF66DF25B252FC0098BBB1 /* ContentView.swift in Sources */ = {isa = PBXBuildFile; fileRef = 79BF66DE25B252FC0098BBB1 /* ContentView.swift */; };
		79BF66E125B252FE0098BBB1 /* Assets.xcassets in Resources */ = {isa = PBXBuildFile; fileRef = 79BF66E025B252FE0098BBB1 /* Assets.xcassets */; };
		79BF66E425B252FE0098BBB1 /* Preview Assets.xcassets in Resources */ = {isa = PBXBuildFile; fileRef = 79BF66E325B252FE0098BBB1 /* Preview Assets.xcassets */; };
		79BF66EF25B252FE0098BBB1 /* SwiftUINewsTests.swift in Sources */ = {isa = PBXBuildFile; fileRef = 79BF66EE25B252FE0098BBB1 /* SwiftUINewsTests.swift */; };
		79BF66FA25B252FE0098BBB1 /* SwiftUINewsUITests.swift in Sources */ = {isa = PBXBuildFile; fileRef = 79BF66F925B252FE0098BBB1 /* SwiftUINewsUITests.swift */; };
/* End PBXBuildFile section */

/* Begin PBXContainerItemProxy section */
		79BF66EB25B252FE0098BBB1 /* PBXContainerItemProxy */ = {
			isa = PBXContainerItemProxy;
			containerPortal = 79BF66D125B252FC0098BBB1 /* Project object */;
			proxyType = 1;
			remoteGlobalIDString = 79BF66D825B252FC0098BBB1;
			remoteInfo = SwiftUINews;
		};
		79BF66F625B252FE0098BBB1 /* PBXContainerItemProxy */ = {
			isa = PBXContainerItemProxy;
			containerPortal = 79BF66D125B252FC0098BBB1 /* Project object */;
			proxyType = 1;
			remoteGlobalIDString = 79BF66D825B252FC0098BBB1;
			remoteInfo = SwiftUINews;
		};
/* End PBXContainerItemProxy section */

/* Begin PBXFileReference section */
		79BF66D925B252FC0098BBB1 /* SwiftUINews.app */ = {isa = PBXFileReference; explicitFileType = wrapper.application; includeInIndex = 0; path = SwiftUINews.app; sourceTree = BUILT_PRODUCTS_DIR; };
		79BF66DC25B252FC0098BBB1 /* SwiftUINewsApp.swift */ = {isa = PBXFileReference; lastKnownFileType = sourcecode.swift; path = SwiftUINewsApp.swift; sourceTree = "<group>"; };
		79BF66DE25B252FC0098BBB1 /* ContentView.swift */ = {isa = PBXFileReference; lastKnownFileType = sourcecode.swift; path = ContentView.swift; sourceTree = "<group>"; };
		79BF66E025B252FE0098BBB1 /* Assets.xcassets */ = {isa = PBXFileReference; lastKnownFileType = folder.assetcatalog; path = Assets.xcassets; sourceTree = "<group>"; };
		79BF66E325B252FE0098BBB1 /* Preview Assets.xcassets */ = {isa = PBXFileReference; lastKnownFileType = folder.assetcatalog; path = "Preview Assets.xcassets"; sourceTree = "<group>"; };
		79BF66E525B252FE0098BBB1 /* Info.plist */ = {isa = PBXFileReference; lastKnownFileType = text.plist.xml; path = Info.plist; sourceTree = "<group>"; };
		79BF66EA25B252FE0098BBB1 /* SwiftUINewsTests.xctest */ = {isa = PBXFileReference; explicitFileType = wrapper.cfbundle; includeInIndex = 0; path = SwiftUINewsTests.xctest; sourceTree = BUILT_PRODUCTS_DIR; };
		79BF66EE25B252FE0098BBB1 /* SwiftUINewsTests.swift */ = {isa = PBXFileReference; lastKnownFileType = sourcecode.swift; path = SwiftUINewsTests.swift; sourceTree = "<group>"; };
		79BF66F025B252FE0098BBB1 /* Info.plist */ = {isa = PBXFileReference; lastKnownFileType = text.plist.xml; path = Info.plist; sourceTree = "<group>"; };
		79BF66F525B252FE0098BBB1 /* SwiftUINewsUITests.xctest */ = {isa = PBXFileReference; explicitFileType = wrapper.cfbundle; includeInIndex = 0; path = SwiftUINewsUITests.xctest; sourceTree = BUILT_PRODUCTS_DIR; };
		79BF66F925B252FE0098BBB1 /* SwiftUINewsUITests.swift */ = {isa = PBXFileReference; lastKnownFileType = sourcecode.swift; path = SwiftUINewsUITests.swift; sourceTree = "<group>"; };
		79BF66FB25B252FE0098BBB1 /* Info.plist */ = {isa = PBXFileReference; lastKnownFileType = text.plist.xml; path = Info.plist; sourceTree = "<group>"; };
/* End PBXFileReference section */

/* Begin PBXFrameworksBuildPhase section */
		79BF66D625B252FC0098BBB1 /* Frameworks */ = {
			isa = PBXFrameworksBuildPhase;
			buildActionMask = 2147483647;
			files = (
			);
			runOnlyForDeploymentPostprocessing = 0;
		};
		79BF66E725B252FE0098BBB1 /* Frameworks */ = {
			isa = PBXFrameworksBuildPhase;
			buildActionMask = 2147483647;
			files = (
			);
			runOnlyForDeploymentPostprocessing = 0;
		};
		79BF66F225B252FE0098BBB1 /* Frameworks */ = {
			isa = PBXFrameworksBuildPhase;
			buildActionMask = 2147483647;
			files = (
			);
			runOnlyForDeploymentPostprocessing = 0;
		};
/* End PBXFrameworksBuildPhase section */

/* Begin PBXGroup section */
		79BF66D025B252FC0098BBB1 = {
			isa = PBXGroup;
			children = (
				79BF66DB25B252FC0098BBB1 /* SwiftUINews */,
				79BF66ED25B252FE0098BBB1 /* SwiftUINewsTests */,
				79BF66F825B252FE0098BBB1 /* SwiftUINewsUITests */,
				79BF66DA25B252FC0098BBB1 /* Products */,
			);
			sourceTree = "<group>";
		};
		79BF66DA25B252FC0098BBB1 /* Products */ = {
			isa = PBXGroup;
			children = (
				79BF66D925B252FC0098BBB1 /* SwiftUINews.app */,
				79BF66EA25B252FE0098BBB1 /* SwiftUINewsTests.xctest */,
				79BF66F525B252FE0098BBB1 /* SwiftUINewsUITests.xctest */,
			);
			name = Products;
			sourceTree = "<group>";
		};
		79BF66DB25B252FC0098BBB1 /* SwiftUINews */ = {
			isa = PBXGroup;
			children = (
				79BF66DC25B252FC0098BBB1 /* SwiftUINewsApp.swift */,
				79BF66DE25B252FC0098BBB1 /* ContentView.swift */,
				79BF66E025B252FE0098BBB1 /* Assets.xcassets */,
				79BF66E525B252FE0098BBB1 /* Info.plist */,
				79BF66E225B252FE0098BBB1 /* Preview Content */,
			);
			path = SwiftUINews;
			sourceTree = "<group>";
		};
		79BF66E225B252FE0098BBB1 /* Preview Content */ = {
			isa = PBXGroup;
			children = (
				79BF66E325B252FE0098BBB1 /* Preview Assets.xcassets */,
			);
			path = "Preview Content";
			sourceTree = "<group>";
		};
		79BF66ED25B252FE0098BBB1 /* SwiftUINewsTests */ = {
			isa = PBXGroup;
			children = (
				79BF66EE25B252FE0098BBB1 /* SwiftUINewsTests.swift */,
				79BF66F025B252FE0098BBB1 /* Info.plist */,
			);
			path = SwiftUINewsTests;
			sourceTree = "<group>";
		};
		79BF66F825B252FE0098BBB1 /* SwiftUINewsUITests */ = {
			isa = PBXGroup;
			children = (
				79BF66F925B252FE0098BBB1 /* SwiftUINewsUITests.swift */,
				79BF66FB25B252FE0098BBB1 /* Info.plist */,
			);
			path = SwiftUINewsUITests;
			sourceTree = "<group>";
		};
/* End PBXGroup section */

/* Begin PBXNativeTarget section */
		79BF66D825B252FC0098BBB1 /* SwiftUINews */ = {
			isa = PBXNativeTarget;
			buildConfigurationList = 79BF66FE25B252FE0098BBB1 /* Build configuration list for PBXNativeTarget "SwiftUINews" */;
			buildPhases = (
				79BF66D525B252FC0098BBB1 /* Sources */,
				79BF66D625B252FC0098BBB1 /* Frameworks */,
				79BF66D725B252FC0098BBB1 /* Resources */,
			);
			buildRules = (
			);
			dependencies = (
			);
			name = SwiftUINews;
			productName = SwiftUINews;
			productReference = 79BF66D925B252FC0098BBB1 /* SwiftUINews.app */;
			productType = "com.apple.product-type.application";
		};
		79BF66E925B252FE0098BBB1 /* SwiftUINewsTests */ = {
			isa = PBXNativeTarget;
			buildConfigurationList = 79BF670125B252FE0098BBB1 /* Build configuration list for PBXNativeTarget "SwiftUINewsTests" */;
			buildPhases = (
				79BF66E625B252FE0098BBB1 /* Sources */,
				79BF66E725B252FE0098BBB1 /* Frameworks */,
				79BF66E825B252FE0098BBB1 /* Resources */,
			);
			buildRules = (
			);
			dependencies = (
				79BF66EC25B252FE0098BBB1 /* PBXTargetDependency */,
			);
			name = SwiftUINewsTests;
			productName = SwiftUINewsTests;
			productReference = 79BF66EA25B252FE0098BBB1 /* SwiftUINewsTests.xctest */;
			productType = "com.apple.product-type.bundle.unit-test";
		};
		79BF66F425B252FE0098BBB1 /* SwiftUINewsUITests */ = {
			isa = PBXNativeTarget;
			buildConfigurationList = 79BF670425B252FE0098BBB1 /* Build configuration list for PBXNativeTarget "SwiftUINewsUITests" */;
			buildPhases = (
				79BF66F125B252FE0098BBB1 /* Sources */,
				79BF66F225B252FE0098BBB1 /* Frameworks */,
				79BF66F325B252FE0098BBB1 /* Resources */,
			);
			buildRules = (
			);
			dependencies = (
				79BF66F725B252FE0098BBB1 /* PBXTargetDependency */,
			);
			name = SwiftUINewsUITests;
			productName = SwiftUINewsUITests;
			productReference = 79BF66F525B252FE0098BBB1 /* SwiftUINewsUITests.xctest */;
			productType = "com.apple.product-type.bundle.ui-testing";
		};
/* End PBXNativeTarget section */

/* Begin PBXProject section */
		79BF66D125B252FC0098BBB1 /* Project object */ = {
			isa = PBXProject;
			attributes = {
				LastSwiftUpdateCheck = 1230;
				LastUpgradeCheck = 1230;
				TargetAttributes = {
					79BF66D825B252FC0098BBB1 = {
						CreatedOnToolsVersion = 12.3;
					};
					79BF66E925B252FE0098BBB1 = {
						CreatedOnToolsVersion = 12.3;
						TestTargetID = 79BF66D825B252FC0098BBB1;
					};
					79BF66F425B252FE0098BBB1 = {
						CreatedOnToolsVersion = 12.3;
						TestTargetID = 79BF66D825B252FC0098BBB1;
					};
				};
			};
			buildConfigurationList = 79BF66D425B252FC0098BBB1 /* Build configuration list for PBXProject "SwiftUINews" */;
			compatibilityVersion = "Xcode 9.3";
			developmentRegion = en;
			hasScannedForEncodings = 0;
			knownRegions = (
				en,
				Base,
			);
			mainGroup = 79BF66D025B252FC0098BBB1;
			productRefGroup = 79BF66DA25B252FC0098BBB1 /* Products */;
			projectDirPath = "";
			projectRoot = "";
			targets = (
				79BF66D825B252FC0098BBB1 /* SwiftUINews */,
				79BF66E925B252FE0098BBB1 /* SwiftUINewsTests */,
				79BF66F425B252FE0098BBB1 /* SwiftUINewsUITests */,
			);
		};
/* End PBXProject section */

/* Begin PBXResourcesBuildPhase section */
		79BF66D725B252FC0098BBB1 /* Resources */ = {
			isa = PBXResourcesBuildPhase;
			buildActionMask = 2147483647;
			files = (
				79BF66E425B252FE0098BBB1 /* Preview Assets.xcassets in Resources */,
				79BF66E125B252FE0098BBB1 /* Assets.xcassets in Resources */,
			);
			runOnlyForDeploymentPostprocessing = 0;
		};
		79BF66E825B252FE0098BBB1 /* Resources */ = {
			isa = PBXResourcesBuildPhase;
			buildActionMask = 2147483647;
			files = (
			);
			runOnlyForDeploymentPostprocessing = 0;
		};
		79BF66F325B252FE0098BBB1 /* Resources */ = {
			isa = PBXResourcesBuildPhase;
			buildActionMask = 2147483647;
			files = (
			);
			runOnlyForDeploymentPostprocessing = 0;
		};
/* End PBXResourcesBuildPhase section */

/* Begin PBXSourcesBuildPhase section */
		79BF66D525B252FC0098BBB1 /* Sources */ = {
			isa = PBXSourcesBuildPhase;
			buildActionMask = 2147483647;
			files = (
				79BF66DF25B252FC0098BBB1 /* ContentView.swift in Sources */,
				79BF66DD25B252FC0098BBB1 /* SwiftUINewsApp.swift in Sources */,
			);
			runOnlyForDeploymentPostprocessing = 0;
		};
		79BF66E625B252FE0098BBB1 /* Sources */ = {
			isa = PBXSourcesBuildPhase;
			buildActionMask = 2147483647;
			files = (
				79BF66EF25B252FE0098BBB1 /* SwiftUINewsTests.swift in Sources */,
			);
			runOnlyForDeploymentPostprocessing = 0;
		};
		79BF66F125B252FE0098BBB1 /* Sources */ = {
			isa = PBXSourcesBuildPhase;
			buildActionMask = 2147483647;
			files = (
				79BF66FA25B252FE0098BBB1 /* SwiftUINewsUITests.swift in Sources */,
			);
			runOnlyForDeploymentPostprocessing = 0;
		};
/* End PBXSourcesBuildPhase section */

/* Begin PBXTargetDependency section */
		79BF66EC25B252FE0098BBB1 /* PBXTargetDependency */ = {
			isa = PBXTargetDependency;
			target = 79BF66D825B252FC0098BBB1 /* SwiftUINews */;
			targetProxy = 79BF66EB25B252FE0098BBB1 /* PBXContainerItemProxy */;
		};
		79BF66F725B252FE0098BBB1 /* PBXTargetDependency */ = {
			isa = PBXTargetDependency;
			target = 79BF66D825B252FC0098BBB1 /* SwiftUINews */;
			targetProxy = 79BF66F625B252FE0098BBB1 /* PBXContainerItemProxy */;
		};
/* End PBXTargetDependency section */

/* Begin XCBuildConfiguration section */
		79BF66FC25B252FE0098BBB1 /* Debug */ = {
			isa = XCBuildConfiguration;
			buildSettings = {
				ALWAYS_SEARCH_USER_PATHS = NO;
				CLANG_ANALYZER_NONNULL = YES;
				CLANG_ANALYZER_NUMBER_OBJECT_CONVERSION = YES_AGGRESSIVE;
				CLANG_CXX_LANGUAGE_STANDARD = "gnu++14";
				CLANG_CXX_LIBRARY = "libc++";
				CLANG_ENABLE_MODULES = YES;
				CLANG_ENABLE_OBJC_ARC = YES;
				CLANG_ENABLE_OBJC_WEAK = YES;
				CLANG_WARN_BLOCK_CAPTURE_AUTORELEASING = YES;
				CLANG_WARN_BOOL_CONVERSION = YES;
				CLANG_WARN_COMMA = YES;
				CLANG_WARN_CONSTANT_CONVERSION = YES;
				CLANG_WARN_DEPRECATED_OBJC_IMPLEMENTATIONS = YES;
				CLANG_WARN_DIRECT_OBJC_ISA_USAGE = YES_ERROR;
				CLANG_WARN_DOCUMENTATION_COMMENTS = YES;
				CLANG_WARN_EMPTY_BODY = YES;
				CLANG_WARN_ENUM_CONVERSION = YES;
				CLANG_WARN_INFINITE_RECURSION = YES;
				CLANG_WARN_INT_CONVERSION = YES;
				CLANG_WARN_NON_LITERAL_NULL_CONVERSION = YES;
				CLANG_WARN_OBJC_IMPLICIT_RETAIN_SELF = YES;
				CLANG_WARN_OBJC_LITERAL_CONVERSION = YES;
				CLANG_WARN_OBJC_ROOT_CLASS = YES_ERROR;
				CLANG_WARN_QUOTED_INCLUDE_IN_FRAMEWORK_HEADER = YES;
				CLANG_WARN_RANGE_LOOP_ANALYSIS = YES;
				CLANG_WARN_STRICT_PROTOTYPES = YES;
				CLANG_WARN_SUSPICIOUS_MOVE = YES;
				CLANG_WARN_UNGUARDED_AVAILABILITY = YES_AGGRESSIVE;
				CLANG_WARN_UNREACHABLE_CODE = YES;
				CLANG_WARN__DUPLICATE_METHOD_MATCH = YES;
				COPY_PHASE_STRIP = NO;
				DEBUG_INFORMATION_FORMAT = dwarf;
				ENABLE_STRICT_OBJC_MSGSEND = YES;
				ENABLE_TESTABILITY = YES;
				GCC_C_LANGUAGE_STANDARD = gnu11;
				GCC_DYNAMIC_NO_PIC = NO;
				GCC_NO_COMMON_BLOCKS = YES;
				GCC_OPTIMIZATION_LEVEL = 0;
				GCC_PREPROCESSOR_DEFINITIONS = (
					"DEBUG=1",
					"$(inherited)",
				);
				GCC_WARN_64_TO_32_BIT_CONVERSION = YES;
				GCC_WARN_ABOUT_RETURN_TYPE = YES_ERROR;
				GCC_WARN_UNDECLARED_SELECTOR = YES;
				GCC_WARN_UNINITIALIZED_AUTOS = YES_AGGRESSIVE;
				GCC_WARN_UNUSED_FUNCTION = YES;
				GCC_WARN_UNUSED_VARIABLE = YES;
				IPHONEOS_DEPLOYMENT_TARGET = 14.3;
				MTL_ENABLE_DEBUG_INFO = INCLUDE_SOURCE;
				MTL_FAST_MATH = YES;
				ONLY_ACTIVE_ARCH = YES;
				SDKROOT = iphoneos;
				SWIFT_ACTIVE_COMPILATION_CONDITIONS = DEBUG;
				SWIFT_OPTIMIZATION_LEVEL = "-Onone";
			};
			name = Debug;
		};
		79BF66FD25B252FE0098BBB1 /* Release */ = {
			isa = XCBuildConfiguration;
			buildSettings = {
				ALWAYS_SEARCH_USER_PATHS = NO;
				CLANG_ANALYZER_NONNULL = YES;
				CLANG_ANALYZER_NUMBER_OBJECT_CONVERSION = YES_AGGRESSIVE;
				CLANG_CXX_LANGUAGE_STANDARD = "gnu++14";
				CLANG_CXX_LIBRARY = "libc++";
				CLANG_ENABLE_MODULES = YES;
				CLANG_ENABLE_OBJC_ARC = YES;
				CLANG_ENABLE_OBJC_WEAK = YES;
				CLANG_WARN_BLOCK_CAPTURE_AUTORELEASING = YES;
				CLANG_WARN_BOOL_CONVERSION = YES;
				CLANG_WARN_COMMA = YES;
				CLANG_WARN_CONSTANT_CONVERSION = YES;
				CLANG_WARN_DEPRECATED_OBJC_IMPLEMENTATIONS = YES;
				CLANG_WARN_DIRECT_OBJC_ISA_USAGE = YES_ERROR;
				CLANG_WARN_DOCUMENTATION_COMMENTS = YES;
				CLANG_WARN_EMPTY_BODY = YES;
				CLANG_WARN_ENUM_CONVERSION = YES;
				CLANG_WARN_INFINITE_RECURSION = YES;
				CLANG_WARN_INT_CONVERSION = YES;
				CLANG_WARN_NON_LITERAL_NULL_CONVERSION = YES;
				CLANG_WARN_OBJC_IMPLICIT_RETAIN_SELF = YES;
				CLANG_WARN_OBJC_LITERAL_CONVERSION = YES;
				CLANG_WARN_OBJC_ROOT_CLASS = YES_ERROR;
				CLANG_WARN_QUOTED_INCLUDE_IN_FRAMEWORK_HEADER = YES;
				CLANG_WARN_RANGE_LOOP_ANALYSIS = YES;
				CLANG_WARN_STRICT_PROTOTYPES = YES;
				CLANG_WARN_SUSPICIOUS_MOVE = YES;
				CLANG_WARN_UNGUARDED_AVAILABILITY = YES_AGGRESSIVE;
				CLANG_WARN_UNREACHABLE_CODE = YES;
				CLANG_WARN__DUPLICATE_METHOD_MATCH = YES;
				COPY_PHASE_STRIP = NO;
				DEBUG_INFORMATION_FORMAT = "dwarf-with-dsym";
				ENABLE_NS_ASSERTIONS = NO;
				ENABLE_STRICT_OBJC_MSGSEND = YES;
				GCC_C_LANGUAGE_STANDARD = gnu11;
				GCC_NO_COMMON_BLOCKS = YES;
				GCC_WARN_64_TO_32_BIT_CONVERSION = YES;
				GCC_WARN_ABOUT_RETURN_TYPE = YES_ERROR;
				GCC_WARN_UNDECLARED_SELECTOR = YES;
				GCC_WARN_UNINITIALIZED_AUTOS = YES_AGGRESSIVE;
				GCC_WARN_UNUSED_FUNCTION = YES;
				GCC_WARN_UNUSED_VARIABLE = YES;
				IPHONEOS_DEPLOYMENT_TARGET = 14.3;
				MTL_ENABLE_DEBUG_INFO = NO;
				MTL_FAST_MATH = YES;
				SDKROOT = iphoneos;
				SWIFT_COMPILATION_MODE = wholemodule;
				SWIFT_OPTIMIZATION_LEVEL = "-O";
				VALIDATE_PRODUCT = YES;
			};
			name = Release;
		};
		79BF66FF25B252FE0098BBB1 /* Debug */ = {
			isa = XCBuildConfiguration;
			buildSettings = {
				ASSETCATALOG_COMPILER_APPICON_NAME = AppIcon;
				ASSETCATALOG_COMPILER_GLOBAL_ACCENT_COLOR_NAME = AccentColor;
				CODE_SIGN_STYLE = Automatic;
				DEVELOPMENT_ASSET_PATHS = "\"SwiftUINews/Preview Content\"";
				ENABLE_PREVIEWS = YES;
				INFOPLIST_FILE = SwiftUINews/Info.plist;
				IPHONEOS_DEPLOYMENT_TARGET = 14.0;
				LD_RUNPATH_SEARCH_PATHS = (
					"$(inherited)",
					"@executable_path/Frameworks",
				);
				PRODUCT_BUNDLE_IDENTIFIER = VolonBolon.SwiftUINews;
				PRODUCT_NAME = "$(TARGET_NAME)";
				SWIFT_VERSION = 5.0;
				TARGETED_DEVICE_FAMILY = "1,2";
			};
			name = Debug;
		};
		79BF670025B252FE0098BBB1 /* Release */ = {
			isa = XCBuildConfiguration;
			buildSettings = {
				ASSETCATALOG_COMPILER_APPICON_NAME = AppIcon;
				ASSETCATALOG_COMPILER_GLOBAL_ACCENT_COLOR_NAME = AccentColor;
				CODE_SIGN_STYLE = Automatic;
				DEVELOPMENT_ASSET_PATHS = "\"SwiftUINews/Preview Content\"";
				ENABLE_PREVIEWS = YES;
				INFOPLIST_FILE = SwiftUINews/Info.plist;
				IPHONEOS_DEPLOYMENT_TARGET = 14.0;
				LD_RUNPATH_SEARCH_PATHS = (
					"$(inherited)",
					"@executable_path/Frameworks",
				);
				PRODUCT_BUNDLE_IDENTIFIER = VolonBolon.SwiftUINews;
				PRODUCT_NAME = "$(TARGET_NAME)";
				SWIFT_VERSION = 5.0;
				TARGETED_DEVICE_FAMILY = "1,2";
			};
			name = Release;
		};
		79BF670225B252FE0098BBB1 /* Debug */ = {
			isa = XCBuildConfiguration;
			buildSettings = {
				ALWAYS_EMBED_SWIFT_STANDARD_LIBRARIES = YES;
				BUNDLE_LOADER = "$(TEST_HOST)";
				CODE_SIGN_STYLE = Automatic;
				INFOPLIST_FILE = SwiftUINewsTests/Info.plist;
				IPHONEOS_DEPLOYMENT_TARGET = 14.0;
				LD_RUNPATH_SEARCH_PATHS = (
					"$(inherited)",
					"@executable_path/Frameworks",
					"@loader_path/Frameworks",
				);
				PRODUCT_BUNDLE_IDENTIFIER = VolonBolon.SwiftUINewsTests;
				PRODUCT_NAME = "$(TARGET_NAME)";
				SWIFT_VERSION = 5.0;
				TARGETED_DEVICE_FAMILY = "1,2";
				TEST_HOST = "$(BUILT_PRODUCTS_DIR)/SwiftUINews.app/SwiftUINews";
			};
			name = Debug;
		};
		79BF670325B252FE0098BBB1 /* Release */ = {
			isa = XCBuildConfiguration;
			buildSettings = {
				ALWAYS_EMBED_SWIFT_STANDARD_LIBRARIES = YES;
				BUNDLE_LOADER = "$(TEST_HOST)";
				CODE_SIGN_STYLE = Automatic;
				INFOPLIST_FILE = SwiftUINewsTests/Info.plist;
				IPHONEOS_DEPLOYMENT_TARGET = 14.0;
				LD_RUNPATH_SEARCH_PATHS = (
					"$(inherited)",
					"@executable_path/Frameworks",
					"@loader_path/Frameworks",
				);
				PRODUCT_BUNDLE_IDENTIFIER = VolonBolon.SwiftUINewsTests;
				PRODUCT_NAME = "$(TARGET_NAME)";
				SWIFT_VERSION = 5.0;
				TARGETED_DEVICE_FAMILY = "1,2";
				TEST_HOST = "$(BUILT_PRODUCTS_DIR)/SwiftUINews.app/SwiftUINews";
			};
			name = Release;
		};
		79BF670525B252FE0098BBB1 /* Debug */ = {
			isa = XCBuildConfiguration;
			buildSettings = {
				ALWAYS_EMBED_SWIFT_STANDARD_LIBRARIES = YES;
				CODE_SIGN_STYLE = Automatic;
				INFOPLIST_FILE = SwiftUINewsUITests/Info.plist;
				LD_RUNPATH_SEARCH_PATHS = (
					"$(inherited)",
					"@executable_path/Frameworks",
					"@loader_path/Frameworks",
				);
				PRODUCT_BUNDLE_IDENTIFIER = VolonBolon.SwiftUINewsUITests;
				PRODUCT_NAME = "$(TARGET_NAME)";
				SWIFT_VERSION = 5.0;
				TARGETED_DEVICE_FAMILY = "1,2";
				TEST_TARGET_NAME = SwiftUINews;
			};
			name = Debug;
		};
		79BF670625B252FE0098BBB1 /* Release */ = {
			isa = XCBuildConfiguration;
			buildSettings = {
				ALWAYS_EMBED_SWIFT_STANDARD_LIBRARIES = YES;
				CODE_SIGN_STYLE = Automatic;
				INFOPLIST_FILE = SwiftUINewsUITests/Info.plist;
				LD_RUNPATH_SEARCH_PATHS = (
					"$(inherited)",
					"@executable_path/Frameworks",
					"@loader_path/Frameworks",
				);
				PRODUCT_BUNDLE_IDENTIFIER = VolonBolon.SwiftUINewsUITests;
				PRODUCT_NAME = "$(TARGET_NAME)";
				SWIFT_VERSION = 5.0;
				TARGETED_DEVICE_FAMILY = "1,2";
				TEST_TARGET_NAME = SwiftUINews;
			};
			name = Release;
		};
/* End XCBuildConfiguration section */

/* Begin XCConfigurationList section */
		79BF66D425B252FC0098BBB1 /* Build configuration list for PBXProject "SwiftUINews" */ = {
			isa = XCConfigurationList;
			buildConfigurations = (
				79BF66FC25B252FE0098BBB1 /* Debug */,
				79BF66FD25B252FE0098BBB1 /* Release */,
			);
			defaultConfigurationIsVisible = 0;
			defaultConfigurationName = Release;
		};
		79BF66FE25B252FE0098BBB1 /* Build configuration list for PBXNativeTarget "SwiftUINews" */ = {
			isa = XCConfigurationList;
			buildConfigurations = (
				79BF66FF25B252FE0098BBB1 /* Debug */,
				79BF670025B252FE0098BBB1 /* Release */,
			);
			defaultConfigurationIsVisible = 0;
			defaultConfigurationName = Release;
		};
		79BF670125B252FE0098BBB1 /* Build configuration list for PBXNativeTarget "SwiftUINewsTests" */ = {
			isa = XCConfigurationList;
			buildConfigurations = (
				79BF670225B252FE0098BBB1 /* Debug */,
				79BF670325B252FE0098BBB1 /* Release */,
			);
			defaultConfigurationIsVisible = 0;
			defaultConfigurationName = Release;
		};
		79BF670425B252FE0098BBB1 /* Build configuration list for PBXNativeTarget "SwiftUINewsUITests" */ = {
			isa = XCConfigurationList;
			buildConfigurations = (
				79BF670525B252FE0098BBB1 /* Debug */,
				79BF670625B252FE0098BBB1 /* Release */,
			);
			defaultConfigurationIsVisible = 0;
			defaultConfigurationName = Release;
		};
/* End XCConfigurationList section */
	};
	rootObject = 79BF66D125B252FC0098BBB1 /* Project object */;
}
